
Microsoft Visual Studio Solution File, Format Version 12.00
# Visual Studio Version 16
VisualStudioVersion = 16.0.32630.194
MinimumVisualStudioVersion = 10.0.40219.1
Project("{FAE04EC0-301F-11D3-BF4B-00C04F79EFBC}") = "HostelService", "HostelService\HostelService.csproj", "{55A03714-EDDC-4FAE-9BD0-19AFF7D572EB}"
EndProject
Global
	GlobalSection(SolutionConfigurationPlatforms) = preSolution
		Debug|Any CPU = Debug|Any CPU
		Release|Any CPU = Release|Any CPU
	EndGlobalSection
	GlobalSection(ProjectConfigurationPlatforms) = postSolution
		{55A03714-EDDC-4FAE-9BD0-19AFF7D572EB}.Debug|Any CPU.ActiveCfg = Debug|Any CPU
		{55A03714-EDDC-4FAE-9BD0-19AFF7D572EB}.Debug|Any CPU.Build.0 = Debug|Any CPU
		{55A03714-EDDC-4FAE-9BD0-19AFF7D572EB}.Release|Any CPU.ActiveCfg = Release|Any CPU
		{55A03714-EDDC-4FAE-9BD0-19AFF7D572EB}.Release|Any CPU.Build.0 = Release|Any CPU
	EndGlobalSection
	GlobalSection(SolutionProperties) = preSolution
		HideSolutionNode = FALSE
	EndGlobalSection
	GlobalSection(ExtensibilityGlobals) = postSolution
		SolutionGuid = {828E3324-D3D3-4D61-A62D-F308DB067EA1}
	EndGlobalSection
EndGlobal
